// !$*UTF8*$!
{
	archiveVersion = 1;
	classes = {
	};
	objectVersion = 55;
	objects = {

/* Begin PBXBuildFile section */
		33BCB6EC4E095D5DF148E5A9 /* Pods_ProjectVoyage_ProjectVoyageUITests.framework in Frameworks */ = {isa = PBXBuildFile; fileRef = 488061CE958977073E1AA26C /* Pods_ProjectVoyage_ProjectVoyageUITests.framework */; };
		4E1A13A42A53BB29FA7F1897 /* Pods_ProjectVoyage.framework in Frameworks */ = {isa = PBXBuildFile; fileRef = CD7FEFD683F07E31C748D340 /* Pods_ProjectVoyage.framework */; };
		6AC2C8AB2876269D00436B8D /* SignUpVC.m in Sources */ = {isa = PBXBuildFile; fileRef = 6AC2C8AA2876269D00436B8D /* SignUpVC.m */; };
		6AC2C8AE2876347500436B8D /* Keys.plist in Resources */ = {isa = PBXBuildFile; fileRef = 6AC2C8AD2876347500436B8D /* Keys.plist */; };
		6AC2C8B12876411B00436B8D /* ChatListVC.m in Sources */ = {isa = PBXBuildFile; fileRef = 6AC2C8B02876411B00436B8D /* ChatListVC.m */; };
		6AC2C8B5287648F000436B8D /* Chat.m in Sources */ = {isa = PBXBuildFile; fileRef = 6AC2C8B4287648F000436B8D /* Chat.m */; };
		6AD5983828760C140058386E /* AppDelegate.m in Sources */ = {isa = PBXBuildFile; fileRef = 6AD5983728760C140058386E /* AppDelegate.m */; };
		6AD5983B28760C140058386E /* SceneDelegate.m in Sources */ = {isa = PBXBuildFile; fileRef = 6AD5983A28760C140058386E /* SceneDelegate.m */; };
		6AD5984128760C140058386E /* Main.storyboard in Resources */ = {isa = PBXBuildFile; fileRef = 6AD5983F28760C140058386E /* Main.storyboard */; };
		6AD5984328760C160058386E /* Assets.xcassets in Resources */ = {isa = PBXBuildFile; fileRef = 6AD5984228760C160058386E /* Assets.xcassets */; };
		6AD5984628760C160058386E /* LaunchScreen.storyboard in Resources */ = {isa = PBXBuildFile; fileRef = 6AD5984428760C160058386E /* LaunchScreen.storyboard */; };
		6AD5984928760C160058386E /* main.m in Sources */ = {isa = PBXBuildFile; fileRef = 6AD5984828760C160058386E /* main.m */; };
		6AD5985328760C170058386E /* ProjectVoyageTests.m in Sources */ = {isa = PBXBuildFile; fileRef = 6AD5985228760C170058386E /* ProjectVoyageTests.m */; };
		6AD5985D28760C170058386E /* ProjectVoyageUITests.m in Sources */ = {isa = PBXBuildFile; fileRef = 6AD5985C28760C170058386E /* ProjectVoyageUITests.m */; };
		6AD5985F28760C170058386E /* ProjectVoyageUITestsLaunchTests.m in Sources */ = {isa = PBXBuildFile; fileRef = 6AD5985E28760C170058386E /* ProjectVoyageUITestsLaunchTests.m */; };
		6AD598712876245C0058386E /* LoginVC.m in Sources */ = {isa = PBXBuildFile; fileRef = 6AD598702876245C0058386E /* LoginVC.m */; };
		B5BA60BAC5D1A304853B4754 /* Pods_ProjectVoyageTests.framework in Frameworks */ = {isa = PBXBuildFile; fileRef = 84F51A004A7968E444CAD93A /* Pods_ProjectVoyageTests.framework */; };
/* End PBXBuildFile section */

/* Begin PBXContainerItemProxy section */
		6AD5984F28760C170058386E /* PBXContainerItemProxy */ = {
			isa = PBXContainerItemProxy;
			containerPortal = 6AD5982B28760C140058386E /* Project object */;
			proxyType = 1;
			remoteGlobalIDString = 6AD5983228760C140058386E;
			remoteInfo = ProjectVoyage;
		};
		6AD5985928760C170058386E /* PBXContainerItemProxy */ = {
			isa = PBXContainerItemProxy;
			containerPortal = 6AD5982B28760C140058386E /* Project object */;
			proxyType = 1;
			remoteGlobalIDString = 6AD5983228760C140058386E;
			remoteInfo = ProjectVoyage;
		};
/* End PBXContainerItemProxy section */

/* Begin PBXFileReference section */
		269F2F3F83A5FB5494793E36 /* Pods-ProjectVoyageTests.release.xcconfig */ = {isa = PBXFileReference; includeInIndex = 1; lastKnownFileType = text.xcconfig; name = "Pods-ProjectVoyageTests.release.xcconfig"; path = "Target Support Files/Pods-ProjectVoyageTests/Pods-ProjectVoyageTests.release.xcconfig"; sourceTree = "<group>"; };
		488061CE958977073E1AA26C /* Pods_ProjectVoyage_ProjectVoyageUITests.framework */ = {isa = PBXFileReference; explicitFileType = wrapper.framework; includeInIndex = 0; path = Pods_ProjectVoyage_ProjectVoyageUITests.framework; sourceTree = BUILT_PRODUCTS_DIR; };
		6AC2C8A92876269D00436B8D /* SignUpVC.h */ = {isa = PBXFileReference; lastKnownFileType = sourcecode.c.h; path = SignUpVC.h; sourceTree = "<group>"; };
		6AC2C8AA2876269D00436B8D /* SignUpVC.m */ = {isa = PBXFileReference; lastKnownFileType = sourcecode.c.objc; path = SignUpVC.m; sourceTree = "<group>"; };
		6AC2C8AD2876347500436B8D /* Keys.plist */ = {isa = PBXFileReference; lastKnownFileType = text.plist.xml; path = Keys.plist; sourceTree = "<group>"; };
		6AC2C8AF2876411B00436B8D /* ChatListVC.h */ = {isa = PBXFileReference; lastKnownFileType = sourcecode.c.h; path = ChatListVC.h; sourceTree = "<group>"; };
		6AC2C8B02876411B00436B8D /* ChatListVC.m */ = {isa = PBXFileReference; lastKnownFileType = sourcecode.c.objc; path = ChatListVC.m; sourceTree = "<group>"; };
		6AC2C8B3287648F000436B8D /* Chat.h */ = {isa = PBXFileReference; lastKnownFileType = sourcecode.c.h; path = Chat.h; sourceTree = "<group>"; };
		6AC2C8B4287648F000436B8D /* Chat.m */ = {isa = PBXFileReference; lastKnownFileType = sourcecode.c.objc; path = Chat.m; sourceTree = "<group>"; };
		6AD5983328760C140058386E /* ProjectVoyage.app */ = {isa = PBXFileReference; explicitFileType = wrapper.application; includeInIndex = 0; path = ProjectVoyage.app; sourceTree = BUILT_PRODUCTS_DIR; };
		6AD5983628760C140058386E /* AppDelegate.h */ = {isa = PBXFileReference; lastKnownFileType = sourcecode.c.h; path = AppDelegate.h; sourceTree = "<group>"; };
		6AD5983728760C140058386E /* AppDelegate.m */ = {isa = PBXFileReference; lastKnownFileType = sourcecode.c.objc; path = AppDelegate.m; sourceTree = "<group>"; };
		6AD5983928760C140058386E /* SceneDelegate.h */ = {isa = PBXFileReference; lastKnownFileType = sourcecode.c.h; path = SceneDelegate.h; sourceTree = "<group>"; };
		6AD5983A28760C140058386E /* SceneDelegate.m */ = {isa = PBXFileReference; lastKnownFileType = sourcecode.c.objc; path = SceneDelegate.m; sourceTree = "<group>"; };
		6AD5984028760C140058386E /* Base */ = {isa = PBXFileReference; lastKnownFileType = file.storyboard; name = Base; path = Base.lproj/Main.storyboard; sourceTree = "<group>"; };
		6AD5984228760C160058386E /* Assets.xcassets */ = {isa = PBXFileReference; lastKnownFileType = folder.assetcatalog; path = Assets.xcassets; sourceTree = "<group>"; };
		6AD5984528760C160058386E /* Base */ = {isa = PBXFileReference; lastKnownFileType = file.storyboard; name = Base; path = Base.lproj/LaunchScreen.storyboard; sourceTree = "<group>"; };
		6AD5984728760C160058386E /* Info.plist */ = {isa = PBXFileReference; lastKnownFileType = text.plist.xml; path = Info.plist; sourceTree = "<group>"; };
		6AD5984828760C160058386E /* main.m */ = {isa = PBXFileReference; lastKnownFileType = sourcecode.c.objc; path = main.m; sourceTree = "<group>"; };
		6AD5984E28760C170058386E /* ProjectVoyageTests.xctest */ = {isa = PBXFileReference; explicitFileType = wrapper.cfbundle; includeInIndex = 0; path = ProjectVoyageTests.xctest; sourceTree = BUILT_PRODUCTS_DIR; };
		6AD5985228760C170058386E /* ProjectVoyageTests.m */ = {isa = PBXFileReference; lastKnownFileType = sourcecode.c.objc; path = ProjectVoyageTests.m; sourceTree = "<group>"; };
		6AD5985828760C170058386E /* ProjectVoyageUITests.xctest */ = {isa = PBXFileReference; explicitFileType = wrapper.cfbundle; includeInIndex = 0; path = ProjectVoyageUITests.xctest; sourceTree = BUILT_PRODUCTS_DIR; };
		6AD5985C28760C170058386E /* ProjectVoyageUITests.m */ = {isa = PBXFileReference; lastKnownFileType = sourcecode.c.objc; path = ProjectVoyageUITests.m; sourceTree = "<group>"; };
		6AD5985E28760C170058386E /* ProjectVoyageUITestsLaunchTests.m */ = {isa = PBXFileReference; lastKnownFileType = sourcecode.c.objc; path = ProjectVoyageUITestsLaunchTests.m; sourceTree = "<group>"; };
		6AD5986F2876245C0058386E /* LoginVC.h */ = {isa = PBXFileReference; lastKnownFileType = sourcecode.c.h; path = LoginVC.h; sourceTree = "<group>"; };
		6AD598702876245C0058386E /* LoginVC.m */ = {isa = PBXFileReference; lastKnownFileType = sourcecode.c.objc; path = LoginVC.m; sourceTree = "<group>"; };
		6B7791EBA84C0E82298B12F3 /* Pods-ProjectVoyage-ProjectVoyageUITests.release.xcconfig */ = {isa = PBXFileReference; includeInIndex = 1; lastKnownFileType = text.xcconfig; name = "Pods-ProjectVoyage-ProjectVoyageUITests.release.xcconfig"; path = "Target Support Files/Pods-ProjectVoyage-ProjectVoyageUITests/Pods-ProjectVoyage-ProjectVoyageUITests.release.xcconfig"; sourceTree = "<group>"; };
		84F51A004A7968E444CAD93A /* Pods_ProjectVoyageTests.framework */ = {isa = PBXFileReference; explicitFileType = wrapper.framework; includeInIndex = 0; path = Pods_ProjectVoyageTests.framework; sourceTree = BUILT_PRODUCTS_DIR; };
		9BB45CBBD996C76DDA2B7404 /* Pods-ProjectVoyageTests.debug.xcconfig */ = {isa = PBXFileReference; includeInIndex = 1; lastKnownFileType = text.xcconfig; name = "Pods-ProjectVoyageTests.debug.xcconfig"; path = "Target Support Files/Pods-ProjectVoyageTests/Pods-ProjectVoyageTests.debug.xcconfig"; sourceTree = "<group>"; };
		A4C4029A7C39400C73522875 /* Pods-ProjectVoyage.release.xcconfig */ = {isa = PBXFileReference; includeInIndex = 1; lastKnownFileType = text.xcconfig; name = "Pods-ProjectVoyage.release.xcconfig"; path = "Target Support Files/Pods-ProjectVoyage/Pods-ProjectVoyage.release.xcconfig"; sourceTree = "<group>"; };
		A9958BC8A3A106659C0D2114 /* Pods-ProjectVoyage-ProjectVoyageUITests.debug.xcconfig */ = {isa = PBXFileReference; includeInIndex = 1; lastKnownFileType = text.xcconfig; name = "Pods-ProjectVoyage-ProjectVoyageUITests.debug.xcconfig"; path = "Target Support Files/Pods-ProjectVoyage-ProjectVoyageUITests/Pods-ProjectVoyage-ProjectVoyageUITests.debug.xcconfig"; sourceTree = "<group>"; };
		CA6D71C8773D13EB1CFCFE22 /* Pods-ProjectVoyage.debug.xcconfig */ = {isa = PBXFileReference; includeInIndex = 1; lastKnownFileType = text.xcconfig; name = "Pods-ProjectVoyage.debug.xcconfig"; path = "Target Support Files/Pods-ProjectVoyage/Pods-ProjectVoyage.debug.xcconfig"; sourceTree = "<group>"; };
		CD7FEFD683F07E31C748D340 /* Pods_ProjectVoyage.framework */ = {isa = PBXFileReference; explicitFileType = wrapper.framework; includeInIndex = 0; path = Pods_ProjectVoyage.framework; sourceTree = BUILT_PRODUCTS_DIR; };
/* End PBXFileReference section */

/* Begin PBXFrameworksBuildPhase section */
		6AD5983028760C140058386E /* Frameworks */ = {
			isa = PBXFrameworksBuildPhase;
			buildActionMask = 2147483647;
			files = (
				4E1A13A42A53BB29FA7F1897 /* Pods_ProjectVoyage.framework in Frameworks */,
			);
			runOnlyForDeploymentPostprocessing = 0;
		};
		6AD5984B28760C170058386E /* Frameworks */ = {
			isa = PBXFrameworksBuildPhase;
			buildActionMask = 2147483647;
			files = (
				B5BA60BAC5D1A304853B4754 /* Pods_ProjectVoyageTests.framework in Frameworks */,
			);
			runOnlyForDeploymentPostprocessing = 0;
		};
		6AD5985528760C170058386E /* Frameworks */ = {
			isa = PBXFrameworksBuildPhase;
			buildActionMask = 2147483647;
			files = (
				33BCB6EC4E095D5DF148E5A9 /* Pods_ProjectVoyage_ProjectVoyageUITests.framework in Frameworks */,
			);
			runOnlyForDeploymentPostprocessing = 0;
		};
/* End PBXFrameworksBuildPhase section */

/* Begin PBXGroup section */
		354D6AD2C95AFFCE91C58F1B /* Frameworks */ = {
			isa = PBXGroup;
			children = (
				CD7FEFD683F07E31C748D340 /* Pods_ProjectVoyage.framework */,
				488061CE958977073E1AA26C /* Pods_ProjectVoyage_ProjectVoyageUITests.framework */,
				84F51A004A7968E444CAD93A /* Pods_ProjectVoyageTests.framework */,
			);
			name = Frameworks;
			sourceTree = "<group>";
		};
		6AC2C8AC287633B600436B8D /* Delegates */ = {
			isa = PBXGroup;
			children = (
				6AD5983A28760C140058386E /* SceneDelegate.m */,
				6AD5983628760C140058386E /* AppDelegate.h */,
				6AD5983728760C140058386E /* AppDelegate.m */,
				6AD5983928760C140058386E /* SceneDelegate.h */,
			);
			path = Delegates;
			sourceTree = "<group>";
		};
		6AC2C8B2287648B700436B8D /* Models */ = {
			isa = PBXGroup;
			children = (
				6AC2C8B3287648F000436B8D /* Chat.h */,
				6AC2C8B4287648F000436B8D /* Chat.m */,
			);
			path = Models;
			sourceTree = "<group>";
		};
		6AD5982A28760C140058386E = {
			isa = PBXGroup;
			children = (
				6AD5983528760C140058386E /* ProjectVoyage */,
				6AD5985128760C170058386E /* ProjectVoyageTests */,
				6AD5985B28760C170058386E /* ProjectVoyageUITests */,
				6AD5983428760C140058386E /* Products */,
				BE7EFF3296B8261FCBA144D3 /* Pods */,
				354D6AD2C95AFFCE91C58F1B /* Frameworks */,
			);
			sourceTree = "<group>";
		};
		6AD5983428760C140058386E /* Products */ = {
			isa = PBXGroup;
			children = (
				6AD5983328760C140058386E /* ProjectVoyage.app */,
				6AD5984E28760C170058386E /* ProjectVoyageTests.xctest */,
				6AD5985828760C170058386E /* ProjectVoyageUITests.xctest */,
			);
			name = Products;
			sourceTree = "<group>";
		};
		6AD5983528760C140058386E /* ProjectVoyage */ = {
			isa = PBXGroup;
			children = (
				6AC2C8B2287648B700436B8D /* Models */,
				6AD5986E287623D60058386E /* View Controllers */,
				6AC2C8AC287633B600436B8D /* Delegates */,
				6AD5983F28760C140058386E /* Main.storyboard */,
				6AD5984228760C160058386E /* Assets.xcassets */,
				6AD5984428760C160058386E /* LaunchScreen.storyboard */,
				6AD5984728760C160058386E /* Info.plist */,
				6AC2C8AD2876347500436B8D /* Keys.plist */,
				6AD5984828760C160058386E /* main.m */,
			);
			path = ProjectVoyage;
			sourceTree = "<group>";
		};
		6AD5985128760C170058386E /* ProjectVoyageTests */ = {
			isa = PBXGroup;
			children = (
				6AD5985228760C170058386E /* ProjectVoyageTests.m */,
			);
			path = ProjectVoyageTests;
			sourceTree = "<group>";
		};
		6AD5985B28760C170058386E /* ProjectVoyageUITests */ = {
			isa = PBXGroup;
			children = (
				6AD5985C28760C170058386E /* ProjectVoyageUITests.m */,
				6AD5985E28760C170058386E /* ProjectVoyageUITestsLaunchTests.m */,
			);
			path = ProjectVoyageUITests;
			sourceTree = "<group>";
		};
		6AD5986E287623D60058386E /* View Controllers */ = {
			isa = PBXGroup;
			children = (
				6AD5986F2876245C0058386E /* LoginVC.h */,
				6AD598702876245C0058386E /* LoginVC.m */,
				6AC2C8A92876269D00436B8D /* SignUpVC.h */,
				6AC2C8AA2876269D00436B8D /* SignUpVC.m */,
				6AC2C8AF2876411B00436B8D /* ChatListVC.h */,
				6AC2C8B02876411B00436B8D /* ChatListVC.m */,
			);
			path = "View Controllers";
			sourceTree = "<group>";
		};
		BE7EFF3296B8261FCBA144D3 /* Pods */ = {
			isa = PBXGroup;
			children = (
				CA6D71C8773D13EB1CFCFE22 /* Pods-ProjectVoyage.debug.xcconfig */,
				A4C4029A7C39400C73522875 /* Pods-ProjectVoyage.release.xcconfig */,
				A9958BC8A3A106659C0D2114 /* Pods-ProjectVoyage-ProjectVoyageUITests.debug.xcconfig */,
				6B7791EBA84C0E82298B12F3 /* Pods-ProjectVoyage-ProjectVoyageUITests.release.xcconfig */,
				9BB45CBBD996C76DDA2B7404 /* Pods-ProjectVoyageTests.debug.xcconfig */,
				269F2F3F83A5FB5494793E36 /* Pods-ProjectVoyageTests.release.xcconfig */,
			);
			path = Pods;
			sourceTree = "<group>";
		};
/* End PBXGroup section */

/* Begin PBXNativeTarget section */
		6AD5983228760C140058386E /* ProjectVoyage */ = {
			isa = PBXNativeTarget;
			buildConfigurationList = 6AD5986228760C170058386E /* Build configuration list for PBXNativeTarget "ProjectVoyage" */;
			buildPhases = (
				BD09657C46AB8E0D86FB5567 /* [CP] Check Pods Manifest.lock */,
				6AD5982F28760C140058386E /* Sources */,
				6AD5983028760C140058386E /* Frameworks */,
				6AD5983128760C140058386E /* Resources */,
				41FDE5CA049936E7C61188B7 /* [CP] Embed Pods Frameworks */,
			);
			buildRules = (
			);
			dependencies = (
			);
			name = ProjectVoyage;
			productName = ProjectVoyage;
			productReference = 6AD5983328760C140058386E /* ProjectVoyage.app */;
			productType = "com.apple.product-type.application";
		};
		6AD5984D28760C170058386E /* ProjectVoyageTests */ = {
			isa = PBXNativeTarget;
			buildConfigurationList = 6AD5986528760C170058386E /* Build configuration list for PBXNativeTarget "ProjectVoyageTests" */;
			buildPhases = (
				B0883F2E13FE9764E9F4D485 /* [CP] Check Pods Manifest.lock */,
				6AD5984A28760C170058386E /* Sources */,
				6AD5984B28760C170058386E /* Frameworks */,
				6AD5984C28760C170058386E /* Resources */,
			);
			buildRules = (
			);
			dependencies = (
				6AD5985028760C170058386E /* PBXTargetDependency */,
			);
			name = ProjectVoyageTests;
			productName = ProjectVoyageTests;
			productReference = 6AD5984E28760C170058386E /* ProjectVoyageTests.xctest */;
			productType = "com.apple.product-type.bundle.unit-test";
		};
		6AD5985728760C170058386E /* ProjectVoyageUITests */ = {
			isa = PBXNativeTarget;
			buildConfigurationList = 6AD5986828760C170058386E /* Build configuration list for PBXNativeTarget "ProjectVoyageUITests" */;
			buildPhases = (
				1803446F0763189754CDC823 /* [CP] Check Pods Manifest.lock */,
				6AD5985428760C170058386E /* Sources */,
				6AD5985528760C170058386E /* Frameworks */,
				6AD5985628760C170058386E /* Resources */,
				6667EAC54B7B30F990C9062B /* [CP] Embed Pods Frameworks */,
			);
			buildRules = (
			);
			dependencies = (
				6AD5985A28760C170058386E /* PBXTargetDependency */,
			);
			name = ProjectVoyageUITests;
			productName = ProjectVoyageUITests;
			productReference = 6AD5985828760C170058386E /* ProjectVoyageUITests.xctest */;
			productType = "com.apple.product-type.bundle.ui-testing";
		};
/* End PBXNativeTarget section */

/* Begin PBXProject section */
		6AD5982B28760C140058386E /* Project object */ = {
			isa = PBXProject;
			attributes = {
				BuildIndependentTargetsInParallel = 1;
				KnownAssetTags = (
					942WWucHyddS23J3FZ8nsFoGyZS92REnLg4qzKhW,
				);
				LastUpgradeCheck = 1340;
				TargetAttributes = {
					6AD5983228760C140058386E = {
						CreatedOnToolsVersion = 13.4.1;
					};
					6AD5984D28760C170058386E = {
						CreatedOnToolsVersion = 13.4.1;
						TestTargetID = 6AD5983228760C140058386E;
					};
					6AD5985728760C170058386E = {
						CreatedOnToolsVersion = 13.4.1;
						TestTargetID = 6AD5983228760C140058386E;
					};
				};
			};
			buildConfigurationList = 6AD5982E28760C140058386E /* Build configuration list for PBXProject "ProjectVoyage" */;
			compatibilityVersion = "Xcode 13.0";
			developmentRegion = en;
			hasScannedForEncodings = 0;
			knownRegions = (
				en,
				Base,
			);
			mainGroup = 6AD5982A28760C140058386E;
			productRefGroup = 6AD5983428760C140058386E /* Products */;
			projectDirPath = "";
			projectRoot = "";
			targets = (
				6AD5983228760C140058386E /* ProjectVoyage */,
				6AD5984D28760C170058386E /* ProjectVoyageTests */,
				6AD5985728760C170058386E /* ProjectVoyageUITests */,
			);
		};
/* End PBXProject section */

/* Begin PBXResourcesBuildPhase section */
		6AD5983128760C140058386E /* Resources */ = {
			isa = PBXResourcesBuildPhase;
			buildActionMask = 2147483647;
			files = (
				6AC2C8AE2876347500436B8D /* Keys.plist in Resources */,
				6AD5984628760C160058386E /* LaunchScreen.storyboard in Resources */,
				6AD5984328760C160058386E /* Assets.xcassets in Resources */,
				6AD5984128760C140058386E /* Main.storyboard in Resources */,
			);
			runOnlyForDeploymentPostprocessing = 0;
		};
		6AD5984C28760C170058386E /* Resources */ = {
			isa = PBXResourcesBuildPhase;
			buildActionMask = 2147483647;
			files = (
			);
			runOnlyForDeploymentPostprocessing = 0;
		};
		6AD5985628760C170058386E /* Resources */ = {
			isa = PBXResourcesBuildPhase;
			buildActionMask = 2147483647;
			files = (
			);
			runOnlyForDeploymentPostprocessing = 0;
		};
/* End PBXResourcesBuildPhase section */

/* Begin PBXShellScriptBuildPhase section */
		1803446F0763189754CDC823 /* [CP] Check Pods Manifest.lock */ = {
			isa = PBXShellScriptBuildPhase;
			buildActionMask = 2147483647;
			files = (
			);
			inputFileListPaths = (
			);
			inputPaths = (
				"${PODS_PODFILE_DIR_PATH}/Podfile.lock",
				"${PODS_ROOT}/Manifest.lock",
			);
			name = "[CP] Check Pods Manifest.lock";
			outputFileListPaths = (
			);
			outputPaths = (
				"$(DERIVED_FILE_DIR)/Pods-ProjectVoyage-ProjectVoyageUITests-checkManifestLockResult.txt",
			);
			runOnlyForDeploymentPostprocessing = 0;
			shellPath = /bin/sh;
			shellScript = "diff \"${PODS_PODFILE_DIR_PATH}/Podfile.lock\" \"${PODS_ROOT}/Manifest.lock\" > /dev/null\nif [ $? != 0 ] ; then\n    # print error to STDERR\n    echo \"error: The sandbox is not in sync with the Podfile.lock. Run 'pod install' or update your CocoaPods installation.\" >&2\n    exit 1\nfi\n# This output is used by Xcode 'outputs' to avoid re-running this script phase.\necho \"SUCCESS\" > \"${SCRIPT_OUTPUT_FILE_0}\"\n";
			showEnvVarsInLog = 0;
		};
		41FDE5CA049936E7C61188B7 /* [CP] Embed Pods Frameworks */ = {
			isa = PBXShellScriptBuildPhase;
			buildActionMask = 2147483647;
			files = (
			);
			inputFileListPaths = (
				"${PODS_ROOT}/Target Support Files/Pods-ProjectVoyage/Pods-ProjectVoyage-frameworks-${CONFIGURATION}-input-files.xcfilelist",
			);
			name = "[CP] Embed Pods Frameworks";
			outputFileListPaths = (
				"${PODS_ROOT}/Target Support Files/Pods-ProjectVoyage/Pods-ProjectVoyage-frameworks-${CONFIGURATION}-output-files.xcfilelist",
			);
			runOnlyForDeploymentPostprocessing = 0;
			shellPath = /bin/sh;
			shellScript = "\"${PODS_ROOT}/Target Support Files/Pods-ProjectVoyage/Pods-ProjectVoyage-frameworks.sh\"\n";
			showEnvVarsInLog = 0;
		};
		6667EAC54B7B30F990C9062B /* [CP] Embed Pods Frameworks */ = {
			isa = PBXShellScriptBuildPhase;
			buildActionMask = 2147483647;
			files = (
			);
			inputFileListPaths = (
				"${PODS_ROOT}/Target Support Files/Pods-ProjectVoyage-ProjectVoyageUITests/Pods-ProjectVoyage-ProjectVoyageUITests-frameworks-${CONFIGURATION}-input-files.xcfilelist",
			);
			name = "[CP] Embed Pods Frameworks";
			outputFileListPaths = (
				"${PODS_ROOT}/Target Support Files/Pods-ProjectVoyage-ProjectVoyageUITests/Pods-ProjectVoyage-ProjectVoyageUITests-frameworks-${CONFIGURATION}-output-files.xcfilelist",
			);
			runOnlyForDeploymentPostprocessing = 0;
			shellPath = /bin/sh;
			shellScript = "\"${PODS_ROOT}/Target Support Files/Pods-ProjectVoyage-ProjectVoyageUITests/Pods-ProjectVoyage-ProjectVoyageUITests-frameworks.sh\"\n";
			showEnvVarsInLog = 0;
		};
		B0883F2E13FE9764E9F4D485 /* [CP] Check Pods Manifest.lock */ = {
			isa = PBXShellScriptBuildPhase;
			buildActionMask = 2147483647;
			files = (
			);
			inputFileListPaths = (
			);
			inputPaths = (
				"${PODS_PODFILE_DIR_PATH}/Podfile.lock",
				"${PODS_ROOT}/Manifest.lock",
			);
			name = "[CP] Check Pods Manifest.lock";
			outputFileListPaths = (
			);
			outputPaths = (
				"$(DERIVED_FILE_DIR)/Pods-ProjectVoyageTests-checkManifestLockResult.txt",
			);
			runOnlyForDeploymentPostprocessing = 0;
			shellPath = /bin/sh;
			shellScript = "diff \"${PODS_PODFILE_DIR_PATH}/Podfile.lock\" \"${PODS_ROOT}/Manifest.lock\" > /dev/null\nif [ $? != 0 ] ; then\n    # print error to STDERR\n    echo \"error: The sandbox is not in sync with the Podfile.lock. Run 'pod install' or update your CocoaPods installation.\" >&2\n    exit 1\nfi\n# This output is used by Xcode 'outputs' to avoid re-running this script phase.\necho \"SUCCESS\" > \"${SCRIPT_OUTPUT_FILE_0}\"\n";
			showEnvVarsInLog = 0;
		};
		BD09657C46AB8E0D86FB5567 /* [CP] Check Pods Manifest.lock */ = {
			isa = PBXShellScriptBuildPhase;
			buildActionMask = 2147483647;
			files = (
			);
			inputFileListPaths = (
			);
			inputPaths = (
				"${PODS_PODFILE_DIR_PATH}/Podfile.lock",
				"${PODS_ROOT}/Manifest.lock",
			);
			name = "[CP] Check Pods Manifest.lock";
			outputFileListPaths = (
			);
			outputPaths = (
				"$(DERIVED_FILE_DIR)/Pods-ProjectVoyage-checkManifestLockResult.txt",
			);
			runOnlyForDeploymentPostprocessing = 0;
			shellPath = /bin/sh;
			shellScript = "diff \"${PODS_PODFILE_DIR_PATH}/Podfile.lock\" \"${PODS_ROOT}/Manifest.lock\" > /dev/null\nif [ $? != 0 ] ; then\n    # print error to STDERR\n    echo \"error: The sandbox is not in sync with the Podfile.lock. Run 'pod install' or update your CocoaPods installation.\" >&2\n    exit 1\nfi\n# This output is used by Xcode 'outputs' to avoid re-running this script phase.\necho \"SUCCESS\" > \"${SCRIPT_OUTPUT_FILE_0}\"\n";
			showEnvVarsInLog = 0;
		};
/* End PBXShellScriptBuildPhase section */

/* Begin PBXSourcesBuildPhase section */
		6AD5982F28760C140058386E /* Sources */ = {
			isa = PBXSourcesBuildPhase;
			buildActionMask = 2147483647;
			files = (
				6AD5983828760C140058386E /* AppDelegate.m in Sources */,
				6AD598712876245C0058386E /* LoginVC.m in Sources */,
				6AC2C8AB2876269D00436B8D /* SignUpVC.m in Sources */,
				6AD5984928760C160058386E /* main.m in Sources */,
				6AC2C8B12876411B00436B8D /* ChatListVC.m in Sources */,
				6AD5983B28760C140058386E /* SceneDelegate.m in Sources */,
				6AC2C8B5287648F000436B8D /* Chat.m in Sources */,
			);
			runOnlyForDeploymentPostprocessing = 0;
		};
		6AD5984A28760C170058386E /* Sources */ = {
			isa = PBXSourcesBuildPhase;
			buildActionMask = 2147483647;
			files = (
				6AD5985328760C170058386E /* ProjectVoyageTests.m in Sources */,
			);
			runOnlyForDeploymentPostprocessing = 0;
		};
		6AD5985428760C170058386E /* Sources */ = {
			isa = PBXSourcesBuildPhase;
			buildActionMask = 2147483647;
			files = (
				6AD5985D28760C170058386E /* ProjectVoyageUITests.m in Sources */,
				6AD5985F28760C170058386E /* ProjectVoyageUITestsLaunchTests.m in Sources */,
			);
			runOnlyForDeploymentPostprocessing = 0;
		};
/* End PBXSourcesBuildPhase section */

/* Begin PBXTargetDependency section */
		6AD5985028760C170058386E /* PBXTargetDependency */ = {
			isa = PBXTargetDependency;
			target = 6AD5983228760C140058386E /* ProjectVoyage */;
			targetProxy = 6AD5984F28760C170058386E /* PBXContainerItemProxy */;
		};
		6AD5985A28760C170058386E /* PBXTargetDependency */ = {
			isa = PBXTargetDependency;
			target = 6AD5983228760C140058386E /* ProjectVoyage */;
			targetProxy = 6AD5985928760C170058386E /* PBXContainerItemProxy */;
		};
/* End PBXTargetDependency section */

/* Begin PBXVariantGroup section */
		6AD5983F28760C140058386E /* Main.storyboard */ = {
			isa = PBXVariantGroup;
			children = (
				6AD5984028760C140058386E /* Base */,
			);
			name = Main.storyboard;
			sourceTree = "<group>";
		};
		6AD5984428760C160058386E /* LaunchScreen.storyboard */ = {
			isa = PBXVariantGroup;
			children = (
				6AD5984528760C160058386E /* Base */,
			);
			name = LaunchScreen.storyboard;
			sourceTree = "<group>";
		};
/* End PBXVariantGroup section */

/* Begin XCBuildConfiguration section */
		6AD5986028760C170058386E /* Debug */ = {
			isa = XCBuildConfiguration;
			buildSettings = {
				ALWAYS_SEARCH_USER_PATHS = NO;
				CLANG_ANALYZER_NONNULL = YES;
				CLANG_ANALYZER_NUMBER_OBJECT_CONVERSION = YES_AGGRESSIVE;
				CLANG_CXX_LANGUAGE_STANDARD = "gnu++17";
				CLANG_ENABLE_MODULES = YES;
				CLANG_ENABLE_OBJC_ARC = YES;
				CLANG_ENABLE_OBJC_WEAK = YES;
				CLANG_WARN_BLOCK_CAPTURE_AUTORELEASING = YES;
				CLANG_WARN_BOOL_CONVERSION = YES;
				CLANG_WARN_COMMA = YES;
				CLANG_WARN_CONSTANT_CONVERSION = YES;
				CLANG_WARN_DEPRECATED_OBJC_IMPLEMENTATIONS = YES;
				CLANG_WARN_DIRECT_OBJC_ISA_USAGE = YES_ERROR;
				CLANG_WARN_DOCUMENTATION_COMMENTS = YES;
				CLANG_WARN_EMPTY_BODY = YES;
				CLANG_WARN_ENUM_CONVERSION = YES;
				CLANG_WARN_INFINITE_RECURSION = YES;
				CLANG_WARN_INT_CONVERSION = YES;
				CLANG_WARN_NON_LITERAL_NULL_CONVERSION = YES;
				CLANG_WARN_OBJC_IMPLICIT_RETAIN_SELF = YES;
				CLANG_WARN_OBJC_LITERAL_CONVERSION = YES;
				CLANG_WARN_OBJC_ROOT_CLASS = YES_ERROR;
				CLANG_WARN_QUOTED_INCLUDE_IN_FRAMEWORK_HEADER = YES;
				CLANG_WARN_RANGE_LOOP_ANALYSIS = YES;
				CLANG_WARN_STRICT_PROTOTYPES = YES;
				CLANG_WARN_SUSPICIOUS_MOVE = YES;
				CLANG_WARN_UNGUARDED_AVAILABILITY = YES_AGGRESSIVE;
				CLANG_WARN_UNREACHABLE_CODE = YES;
				CLANG_WARN__DUPLICATE_METHOD_MATCH = YES;
				COPY_PHASE_STRIP = NO;
				DEBUG_INFORMATION_FORMAT = dwarf;
				ENABLE_STRICT_OBJC_MSGSEND = YES;
				ENABLE_TESTABILITY = YES;
				GCC_C_LANGUAGE_STANDARD = gnu11;
				GCC_DYNAMIC_NO_PIC = NO;
				GCC_NO_COMMON_BLOCKS = YES;
				GCC_OPTIMIZATION_LEVEL = 0;
				GCC_PREPROCESSOR_DEFINITIONS = (
					"DEBUG=1",
					"$(inherited)",
				);
				GCC_WARN_64_TO_32_BIT_CONVERSION = YES;
				GCC_WARN_ABOUT_RETURN_TYPE = YES_ERROR;
				GCC_WARN_UNDECLARED_SELECTOR = YES;
				GCC_WARN_UNINITIALIZED_AUTOS = YES_AGGRESSIVE;
				GCC_WARN_UNUSED_FUNCTION = YES;
				GCC_WARN_UNUSED_VARIABLE = YES;
				IPHONEOS_DEPLOYMENT_TARGET = 15.5;
				MTL_ENABLE_DEBUG_INFO = INCLUDE_SOURCE;
				MTL_FAST_MATH = YES;
				ONLY_ACTIVE_ARCH = YES;
				SDKROOT = iphoneos;
			};
			name = Debug;
		};
		6AD5986128760C170058386E /* Release */ = {
			isa = XCBuildConfiguration;
			buildSettings = {
				ALWAYS_SEARCH_USER_PATHS = NO;
				CLANG_ANALYZER_NONNULL = YES;
				CLANG_ANALYZER_NUMBER_OBJECT_CONVERSION = YES_AGGRESSIVE;
				CLANG_CXX_LANGUAGE_STANDARD = "gnu++17";
				CLANG_ENABLE_MODULES = YES;
				CLANG_ENABLE_OBJC_ARC = YES;
				CLANG_ENABLE_OBJC_WEAK = YES;
				CLANG_WARN_BLOCK_CAPTURE_AUTORELEASING = YES;
				CLANG_WARN_BOOL_CONVERSION = YES;
				CLANG_WARN_COMMA = YES;
				CLANG_WARN_CONSTANT_CONVERSION = YES;
				CLANG_WARN_DEPRECATED_OBJC_IMPLEMENTATIONS = YES;
				CLANG_WARN_DIRECT_OBJC_ISA_USAGE = YES_ERROR;
				CLANG_WARN_DOCUMENTATION_COMMENTS = YES;
				CLANG_WARN_EMPTY_BODY = YES;
				CLANG_WARN_ENUM_CONVERSION = YES;
				CLANG_WARN_INFINITE_RECURSION = YES;
				CLANG_WARN_INT_CONVERSION = YES;
				CLANG_WARN_NON_LITERAL_NULL_CONVERSION = YES;
				CLANG_WARN_OBJC_IMPLICIT_RETAIN_SELF = YES;
				CLANG_WARN_OBJC_LITERAL_CONVERSION = YES;
				CLANG_WARN_OBJC_ROOT_CLASS = YES_ERROR;
				CLANG_WARN_QUOTED_INCLUDE_IN_FRAMEWORK_HEADER = YES;
				CLANG_WARN_RANGE_LOOP_ANALYSIS = YES;
				CLANG_WARN_STRICT_PROTOTYPES = YES;
				CLANG_WARN_SUSPICIOUS_MOVE = YES;
				CLANG_WARN_UNGUARDED_AVAILABILITY = YES_AGGRESSIVE;
				CLANG_WARN_UNREACHABLE_CODE = YES;
				CLANG_WARN__DUPLICATE_METHOD_MATCH = YES;
				COPY_PHASE_STRIP = NO;
				DEBUG_INFORMATION_FORMAT = "dwarf-with-dsym";
				ENABLE_NS_ASSERTIONS = NO;
				ENABLE_STRICT_OBJC_MSGSEND = YES;
				GCC_C_LANGUAGE_STANDARD = gnu11;
				GCC_NO_COMMON_BLOCKS = YES;
				GCC_WARN_64_TO_32_BIT_CONVERSION = YES;
				GCC_WARN_ABOUT_RETURN_TYPE = YES_ERROR;
				GCC_WARN_UNDECLARED_SELECTOR = YES;
				GCC_WARN_UNINITIALIZED_AUTOS = YES_AGGRESSIVE;
				GCC_WARN_UNUSED_FUNCTION = YES;
				GCC_WARN_UNUSED_VARIABLE = YES;
				IPHONEOS_DEPLOYMENT_TARGET = 15.5;
				MTL_ENABLE_DEBUG_INFO = NO;
				MTL_FAST_MATH = YES;
				SDKROOT = iphoneos;
				VALIDATE_PRODUCT = YES;
			};
			name = Release;
		};
		6AD5986328760C170058386E /* Debug */ = {
			isa = XCBuildConfiguration;
			baseConfigurationReference = CA6D71C8773D13EB1CFCFE22 /* Pods-ProjectVoyage.debug.xcconfig */;
			buildSettings = {
				ASSETCATALOG_COMPILER_APPICON_NAME = AppIcon;
				ASSETCATALOG_COMPILER_GLOBAL_ACCENT_COLOR_NAME = AccentColor;
				CODE_SIGN_STYLE = Automatic;
				CURRENT_PROJECT_VERSION = 1;
				GENERATE_INFOPLIST_FILE = YES;
				INFOPLIST_FILE = ProjectVoyage/Info.plist;
				INFOPLIST_KEY_UIApplicationSupportsIndirectInputEvents = YES;
				INFOPLIST_KEY_UILaunchStoryboardName = LaunchScreen;
				INFOPLIST_KEY_UIMainStoryboardFile = Main;
				INFOPLIST_KEY_UISupportedInterfaceOrientations_iPad = "UIInterfaceOrientationPortrait UIInterfaceOrientationPortraitUpsideDown UIInterfaceOrientationLandscapeLeft UIInterfaceOrientationLandscapeRight";
				INFOPLIST_KEY_UISupportedInterfaceOrientations_iPhone = "UIInterfaceOrientationPortrait UIInterfaceOrientationLandscapeLeft UIInterfaceOrientationLandscapeRight";
				LD_RUNPATH_SEARCH_PATHS = (
					"$(inherited)",
					"@executable_path/Frameworks",
				);
				MARKETING_VERSION = 1.0;
				PRODUCT_BUNDLE_IDENTIFIER = com.uniquename.ProjectVoyage;
				PRODUCT_NAME = "$(TARGET_NAME)";
				SWIFT_EMIT_LOC_STRINGS = YES;
				TARGETED_DEVICE_FAMILY = "1,2";
			};
			name = Debug;
		};
		6AD5986428760C170058386E /* Release */ = {
			isa = XCBuildConfiguration;
			baseConfigurationReference = A4C4029A7C39400C73522875 /* Pods-ProjectVoyage.release.xcconfig */;
			buildSettings = {
				ASSETCATALOG_COMPILER_APPICON_NAME = AppIcon;
				ASSETCATALOG_COMPILER_GLOBAL_ACCENT_COLOR_NAME = AccentColor;
				CODE_SIGN_STYLE = Automatic;
				CURRENT_PROJECT_VERSION = 1;
				GENERATE_INFOPLIST_FILE = YES;
				INFOPLIST_FILE = ProjectVoyage/Info.plist;
				INFOPLIST_KEY_UIApplicationSupportsIndirectInputEvents = YES;
				INFOPLIST_KEY_UILaunchStoryboardName = LaunchScreen;
				INFOPLIST_KEY_UIMainStoryboardFile = Main;
				INFOPLIST_KEY_UISupportedInterfaceOrientations_iPad = "UIInterfaceOrientationPortrait UIInterfaceOrientationPortraitUpsideDown UIInterfaceOrientationLandscapeLeft UIInterfaceOrientationLandscapeRight";
				INFOPLIST_KEY_UISupportedInterfaceOrientations_iPhone = "UIInterfaceOrientationPortrait UIInterfaceOrientationLandscapeLeft UIInterfaceOrientationLandscapeRight";
				LD_RUNPATH_SEARCH_PATHS = (
					"$(inherited)",
					"@executable_path/Frameworks",
				);
				MARKETING_VERSION = 1.0;
				PRODUCT_BUNDLE_IDENTIFIER = com.uniquename.ProjectVoyage;
				PRODUCT_NAME = "$(TARGET_NAME)";
				SWIFT_EMIT_LOC_STRINGS = YES;
				TARGETED_DEVICE_FAMILY = "1,2";
			};
			name = Release;
		};
		6AD5986628760C170058386E /* Debug */ = {
			isa = XCBuildConfiguration;
			baseConfigurationReference = 9BB45CBBD996C76DDA2B7404 /* Pods-ProjectVoyageTests.debug.xcconfig */;
			buildSettings = {
				BUNDLE_LOADER = "$(TEST_HOST)";
				CODE_SIGN_STYLE = Automatic;
				CURRENT_PROJECT_VERSION = 1;
				GENERATE_INFOPLIST_FILE = YES;
				IPHONEOS_DEPLOYMENT_TARGET = 15.5;
				MARKETING_VERSION = 1.0;
				PRODUCT_BUNDLE_IDENTIFIER = com.uniquename.ProjectVoyageTests;
				PRODUCT_NAME = "$(TARGET_NAME)";
				SWIFT_EMIT_LOC_STRINGS = NO;
				TARGETED_DEVICE_FAMILY = "1,2";
				TEST_HOST = "$(BUILT_PRODUCTS_DIR)/ProjectVoyage.app/ProjectVoyage";
			};
			name = Debug;
		};
		6AD5986728760C170058386E /* Release */ = {
			isa = XCBuildConfiguration;
			baseConfigurationReference = 269F2F3F83A5FB5494793E36 /* Pods-ProjectVoyageTests.release.xcconfig */;
			buildSettings = {
				BUNDLE_LOADER = "$(TEST_HOST)";
				CODE_SIGN_STYLE = Automatic;
				CURRENT_PROJECT_VERSION = 1;
				GENERATE_INFOPLIST_FILE = YES;
				IPHONEOS_DEPLOYMENT_TARGET = 15.5;
				MARKETING_VERSION = 1.0;
				PRODUCT_BUNDLE_IDENTIFIER = com.uniquename.ProjectVoyageTests;
				PRODUCT_NAME = "$(TARGET_NAME)";
				SWIFT_EMIT_LOC_STRINGS = NO;
				TARGETED_DEVICE_FAMILY = "1,2";
				TEST_HOST = "$(BUILT_PRODUCTS_DIR)/ProjectVoyage.app/ProjectVoyage";
			};
			name = Release;
		};
		6AD5986928760C170058386E /* Debug */ = {
			isa = XCBuildConfiguration;
			baseConfigurationReference = A9958BC8A3A106659C0D2114 /* Pods-ProjectVoyage-ProjectVoyageUITests.debug.xcconfig */;
			buildSettings = {
				CODE_SIGN_STYLE = Automatic;
				CURRENT_PROJECT_VERSION = 1;
				GENERATE_INFOPLIST_FILE = YES;
				MARKETING_VERSION = 1.0;
				PRODUCT_BUNDLE_IDENTIFIER = com.uniquename.ProjectVoyageUITests;
				PRODUCT_NAME = "$(TARGET_NAME)";
				SWIFT_EMIT_LOC_STRINGS = NO;
				TARGETED_DEVICE_FAMILY = "1,2";
				TEST_TARGET_NAME = ProjectVoyage;
			};
			name = Debug;
		};
		6AD5986A28760C170058386E /* Release */ = {
			isa = XCBuildConfiguration;
			baseConfigurationReference = 6B7791EBA84C0E82298B12F3 /* Pods-ProjectVoyage-ProjectVoyageUITests.release.xcconfig */;
			buildSettings = {
				CODE_SIGN_STYLE = Automatic;
				CURRENT_PROJECT_VERSION = 1;
				GENERATE_INFOPLIST_FILE = YES;
				MARKETING_VERSION = 1.0;
				PRODUCT_BUNDLE_IDENTIFIER = com.uniquename.ProjectVoyageUITests;
				PRODUCT_NAME = "$(TARGET_NAME)";
				SWIFT_EMIT_LOC_STRINGS = NO;
				TARGETED_DEVICE_FAMILY = "1,2";
				TEST_TARGET_NAME = ProjectVoyage;
			};
			name = Release;
		};
/* End XCBuildConfiguration section */

/* Begin XCConfigurationList section */
		6AD5982E28760C140058386E /* Build configuration list for PBXProject "ProjectVoyage" */ = {
			isa = XCConfigurationList;
			buildConfigurations = (
				6AD5986028760C170058386E /* Debug */,
				6AD5986128760C170058386E /* Release */,
			);
			defaultConfigurationIsVisible = 0;
			defaultConfigurationName = Release;
		};
		6AD5986228760C170058386E /* Build configuration list for PBXNativeTarget "ProjectVoyage" */ = {
			isa = XCConfigurationList;
			buildConfigurations = (
				6AD5986328760C170058386E /* Debug */,
				6AD5986428760C170058386E /* Release */,
			);
			defaultConfigurationIsVisible = 0;
			defaultConfigurationName = Release;
		};
		6AD5986528760C170058386E /* Build configuration list for PBXNativeTarget "ProjectVoyageTests" */ = {
			isa = XCConfigurationList;
			buildConfigurations = (
				6AD5986628760C170058386E /* Debug */,
				6AD5986728760C170058386E /* Release */,
			);
			defaultConfigurationIsVisible = 0;
			defaultConfigurationName = Release;
		};
		6AD5986828760C170058386E /* Build configuration list for PBXNativeTarget "ProjectVoyageUITests" */ = {
			isa = XCConfigurationList;
			buildConfigurations = (
				6AD5986928760C170058386E /* Debug */,
				6AD5986A28760C170058386E /* Release */,
			);
			defaultConfigurationIsVisible = 0;
			defaultConfigurationName = Release;
		};
/* End XCConfigurationList section */
	};
	rootObject = 6AD5982B28760C140058386E /* Project object */;
}
